PODS:
  - Flutter (1.0.0)
  - nfc_manager (0.0.1):
    - Flutter

DEPENDENCIES:
  - Flutter (from `Flutter`)
  - nfc_manager (from `.symlinks/plugins/nfc_manager/ios`)

EXTERNAL SOURCES:
  Flutter:
    :path: Flutter
  nfc_manager:
    :path: ".symlinks/plugins/nfc_manager/ios"

SPEC CHECKSUMS:
  Flutter: f04841e97a9d0b0a8025694d0796dd46242b2854
  nfc_manager: d7da7cb781f7744b94df5fe9dbca904ac4a0939e

PODFILE CHECKSUM: 70d9d25280d0dd177a5f637cdb0f0b0b12c6a189

COCOAPODS: 1.14.3
